
Microsoft Visual Studio Solution File, Format Version 12.00
# Visual Studio Version 17
VisualStudioVersion = 17.11.35219.272
MinimumVisualStudioVersion = 10.0.40219.1
Project("{2150E333-8FDC-42A3-9474-1A3956D46DE8}") = "src", "src", "{1DDC9B26-361B-4359-9A15-5E314FD77F51}"
EndProject
Project("{2150E333-8FDC-42A3-9474-1A3956D46DE8}") = "01-Domain", "01-Domain", "{991B7785-4C2E-4A89-81DC-EB2AA4411D92}"
EndProject
Project("{2150E333-8FDC-42A3-9474-1A3956D46DE8}") = "02-Infrestracture", "02-Infrestracture", "{05DA702C-543D-4E2A-8595-2D6C87F858EE}"
EndProject
Project("{2150E333-8FDC-42A3-9474-1A3956D46DE8}") = "03-EndPoint", "03-EndPoint", "{5D14E0C7-7585-465C-9788-C33A08ED415C}"
EndProject
Project("{2150E333-8FDC-42A3-9474-1A3956D46DE8}") = "Core", "Core", "{0FF9654B-AD7C-4B4A-8305-41062B14AFBE}"
EndProject
Project("{2150E333-8FDC-42A3-9474-1A3956D46DE8}") = "Service", "Service", "{37357D39-DD86-4575-8095-014AFFD71F3F}"
EndProject
Project("{2150E333-8FDC-42A3-9474-1A3956D46DE8}") = "DataBase", "DataBase", "{68FAA58E-A107-4D4F-8677-BA7D7F222076}"
EndProject
Project("{2150E333-8FDC-42A3-9474-1A3956D46DE8}") = "DataAcess", "DataAcess", "{40407FB5-C90D-4248-A9EE-F171A0C14427}"
EndProject
Project("{2150E333-8FDC-42A3-9474-1A3956D46DE8}") = "Provider", "Provider", "{021E309A-9FB3-4B5F-9958-DA4734CB286E}"
EndProject
Project("{9A19103F-16F7-4668-BE54-9A1E7A4F7556}") = "App.Domain.Core", "App.Domain.Core\App.Domain.Core.csproj", "{4D619BB1-403E-443B-88C1-251646ED80AB}"
EndProject
Project("{9A19103F-16F7-4668-BE54-9A1E7A4F7556}") = "App.Domain.Service", "App.Domain.Service\App.Domain.Service.csproj", "{A2C2B2F7-EBFC-43CF-87E2-5ED0551F3123}"
EndProject
Project("{9A19103F-16F7-4668-BE54-9A1E7A4F7556}") = "App.Domain.AppService", "App.Domain.AppService\App.Domain.AppService.csproj", "{39BAA064-3733-46BF-9848-A625587AA144}"
EndProject
Project("{9A19103F-16F7-4668-BE54-9A1E7A4F7556}") = "App.infra.DataRepo.Ef", "App.infra.DataRepo.Ef\App.infra.DataRepo.Ef.csproj", "{996A9583-B591-48F1-A29F-534850E76467}"
EndProject
Project("{9A19103F-16F7-4668-BE54-9A1E7A4F7556}") = "App.infra.DB.SqlServer", "App.infra.DB.SqlServer\App.infra.DB.SqlServer.csproj", "{F166A62D-F43B-467F-872A-3C561F9F4DE7}"
EndProject
Project("{2150E333-8FDC-42A3-9474-1A3956D46DE8}") = "src-pkg", "src-pkg", "{1F1EEFEC-009E-4B1A-A57F-2E9819A6CDAA}"
EndProject
Project("{2150E333-8FDC-42A3-9474-1A3956D46DE8}") = "packages", "packages", "{51C9CC06-5305-4110-9D38-E498F5B33E08}"
EndProject
Project("{2150E333-8FDC-42A3-9474-1A3956D46DE8}") = "test", "test", "{0559C49E-D3EE-4CCA-810E-7DE8EAF5A996}"
EndProject
Global
	GlobalSection(SolutionConfigurationPlatforms) = preSolution
		Debug|Any CPU = Debug|Any CPU
		Release|Any CPU = Release|Any CPU
	EndGlobalSection
	GlobalSection(ProjectConfigurationPlatforms) = postSolution
		{4D619BB1-403E-443B-88C1-251646ED80AB}.Debug|Any CPU.ActiveCfg = Debug|Any CPU
		{4D619BB1-403E-443B-88C1-251646ED80AB}.Debug|Any CPU.Build.0 = Debug|Any CPU
		{4D619BB1-403E-443B-88C1-251646ED80AB}.Release|Any CPU.ActiveCfg = Release|Any CPU
		{4D619BB1-403E-443B-88C1-251646ED80AB}.Release|Any CPU.Build.0 = Release|Any CPU
		{A2C2B2F7-EBFC-43CF-87E2-5ED0551F3123}.Debug|Any CPU.ActiveCfg = Debug|Any CPU
		{A2C2B2F7-EBFC-43CF-87E2-5ED0551F3123}.Debug|Any CPU.Build.0 = Debug|Any CPU
		{A2C2B2F7-EBFC-43CF-87E2-5ED0551F3123}.Release|Any CPU.ActiveCfg = Release|Any CPU
		{A2C2B2F7-EBFC-43CF-87E2-5ED0551F3123}.Release|Any CPU.Build.0 = Release|Any CPU
		{39BAA064-3733-46BF-9848-A625587AA144}.Debug|Any CPU.ActiveCfg = Debug|Any CPU
		{39BAA064-3733-46BF-9848-A625587AA144}.Debug|Any CPU.Build.0 = Debug|Any CPU
		{39BAA064-3733-46BF-9848-A625587AA144}.Release|Any CPU.ActiveCfg = Release|Any CPU
		{39BAA064-3733-46BF-9848-A625587AA144}.Release|Any CPU.Build.0 = Release|Any CPU
		{996A9583-B591-48F1-A29F-534850E76467}.Debug|Any CPU.ActiveCfg = Debug|Any CPU
		{996A9583-B591-48F1-A29F-534850E76467}.Debug|Any CPU.Build.0 = Debug|Any CPU
		{996A9583-B591-48F1-A29F-534850E76467}.Release|Any CPU.ActiveCfg = Release|Any CPU
		{996A9583-B591-48F1-A29F-534850E76467}.Release|Any CPU.Build.0 = Release|Any CPU
		{F166A62D-F43B-467F-872A-3C561F9F4DE7}.Debug|Any CPU.ActiveCfg = Debug|Any CPU
		{F166A62D-F43B-467F-872A-3C561F9F4DE7}.Debug|Any CPU.Build.0 = Debug|Any CPU
		{F166A62D-F43B-467F-872A-3C561F9F4DE7}.Release|Any CPU.ActiveCfg = Release|Any CPU
		{F166A62D-F43B-467F-872A-3C561F9F4DE7}.Release|Any CPU.Build.0 = Release|Any CPU
	EndGlobalSection
	GlobalSection(SolutionProperties) = preSolution
		HideSolutionNode = FALSE
	EndGlobalSection
	GlobalSection(NestedProjects) = preSolution
		{991B7785-4C2E-4A89-81DC-EB2AA4411D92} = {1DDC9B26-361B-4359-9A15-5E314FD77F51}
		{05DA702C-543D-4E2A-8595-2D6C87F858EE} = {1DDC9B26-361B-4359-9A15-5E314FD77F51}
		{5D14E0C7-7585-465C-9788-C33A08ED415C} = {1DDC9B26-361B-4359-9A15-5E314FD77F51}
		{0FF9654B-AD7C-4B4A-8305-41062B14AFBE} = {991B7785-4C2E-4A89-81DC-EB2AA4411D92}
		{37357D39-DD86-4575-8095-014AFFD71F3F} = {991B7785-4C2E-4A89-81DC-EB2AA4411D92}
		{68FAA58E-A107-4D4F-8677-BA7D7F222076} = {05DA702C-543D-4E2A-8595-2D6C87F858EE}
		{40407FB5-C90D-4248-A9EE-F171A0C14427} = {05DA702C-543D-4E2A-8595-2D6C87F858EE}
		{021E309A-9FB3-4B5F-9958-DA4734CB286E} = {05DA702C-543D-4E2A-8595-2D6C87F858EE}
		{4D619BB1-403E-443B-88C1-251646ED80AB} = {0FF9654B-AD7C-4B4A-8305-41062B14AFBE}
		{A2C2B2F7-EBFC-43CF-87E2-5ED0551F3123} = {37357D39-DD86-4575-8095-014AFFD71F3F}
		{39BAA064-3733-46BF-9848-A625587AA144} = {37357D39-DD86-4575-8095-014AFFD71F3F}
		{996A9583-B591-48F1-A29F-534850E76467} = {40407FB5-C90D-4248-A9EE-F171A0C14427}
		{F166A62D-F43B-467F-872A-3C561F9F4DE7} = {68FAA58E-A107-4D4F-8677-BA7D7F222076}
	EndGlobalSection
	GlobalSection(ExtensibilityGlobals) = postSolution
		SolutionGuid = {77F9CEF4-298F-4909-98C2-AF2765946BA6}
	EndGlobalSection
EndGlobal
